
Microsoft Visual Studio Solution File, Format Version 12.00
# Visual Studio Version 17
VisualStudioVersion = 17.7.34018.315
MinimumVisualStudioVersion = 10.0.40219.1
Project("{9A19103F-16F7-4668-BE54-9A1E7A4F7556}") = "LegalAndGeneralConsultantCRM", "LegalAndGeneralConsultantCRM\LegalAndGeneralConsultantCRM.csproj", "{173E9EDB-AE52-4135-B16C-0328CDA87474}"
EndProject
Project("{FAE04EC0-301F-11D3-BF4B-00C04F79EFBC}") = "WindowsFormsApp1", "WindowsFormsApp1\WindowsFormsApp1.csproj", "{C3907CDF-757A-41E7-A352-6FA808125840}"
EndProject
Global
	GlobalSection(SolutionConfigurationPlatforms) = preSolution
		Debug|Any CPU = Debug|Any CPU
		Release|Any CPU = Release|Any CPU
	EndGlobalSection
	GlobalSection(ProjectConfigurationPlatforms) = postSolution
		{173E9EDB-AE52-4135-B16C-0328CDA87474}.Debug|Any CPU.ActiveCfg = Debug|Any CPU
		{173E9EDB-AE52-4135-B16C-0328CDA87474}.Debug|Any CPU.Build.0 = Debug|Any CPU
		{173E9EDB-AE52-4135-B16C-0328CDA87474}.Release|Any CPU.ActiveCfg = Release|Any CPU
		{173E9EDB-AE52-4135-B16C-0328CDA87474}.Release|Any CPU.Build.0 = Release|Any CPU
		{C3907CDF-757A-41E7-A352-6FA808125840}.Debug|Any CPU.ActiveCfg = Debug|Any CPU
		{C3907CDF-757A-41E7-A352-6FA808125840}.Debug|Any CPU.Build.0 = Debug|Any CPU
		{C3907CDF-757A-41E7-A352-6FA808125840}.Release|Any CPU.ActiveCfg = Release|Any CPU
		{C3907CDF-757A-41E7-A352-6FA808125840}.Release|Any CPU.Build.0 = Release|Any CPU
	EndGlobalSection
	GlobalSection(SolutionProperties) = preSolution
		HideSolutionNode = FALSE
	EndGlobalSection
	GlobalSection(ExtensibilityGlobals) = postSolution
		SolutionGuid = {0D4E0680-498A-4208-9C36-945BAC1D8BEE}
	EndGlobalSection
EndGlobal
